
Microsoft Visual Studio Solution File, Format Version 12.00
# Visual Studio Version 17
VisualStudioVersion = 17.14.36414.22 d17.14
MinimumVisualStudioVersion = 10.0.40219.1
Project("{2150E333-8FDC-42A3-9474-1A3956D46DE8}") = "Task0", "Task0", "{02EA681E-C7D8-13C7-8484-4AC65E1B71E8}"
EndProject
Project("{FAE04EC0-301F-11D3-BF4B-00C04F79EFBC}") = "Tyuiu.ZelenovaIV.Sprint2.Task0.V11.Lib", "Tyuiu.ZelenovaIV.Sprint2.Task0.V11.Lib\Tyuiu.ZelenovaIV.Sprint2.Task0.V11.Lib.csproj", "{B2B5EC9E-1C61-4DE0-AB73-46DD25D22464}"
EndProject
Project("{FAE04EC0-301F-11D3-BF4B-00C04F79EFBC}") = "Tyuiu.ZelenovaIV.Sprint2.Task0.V11.Test", "Tyuiu.ZelenovaIV.Sprint2.Task0.V11.Test\Tyuiu.ZelenovaIV.Sprint2.Task0.V11.Test.csproj", "{9CF66FB8-F921-45BA-87EA-4D9C11AE8AE0}"
EndProject
Project("{FAE04EC0-301F-11D3-BF4B-00C04F79EFBC}") = "Tyuiu.ZelenovaIV.Sprint2.Task0.V11", "Tyuiu.ZelenovaIV.Sprint2.Task0.V11\Tyuiu.ZelenovaIV.Sprint2.Task0.V11.csproj", "{ED9A4F77-C262-427B-B300-65B3536F94EF}"
EndProject
Project("{2150E333-8FDC-42A3-9474-1A3956D46DE8}") = "Task1", "Task1", "{375AC16A-8C60-42D3-8EDB-B231AD74CE85}"
EndProject
Project("{FAE04EC0-301F-11D3-BF4B-00C04F79EFBC}") = "Tyuiu.ZelenovaIV.Sprint2.Task1.V19.Lib", "Tyuiu.ZelenovaIV.Sprint2.Task1.V19.Lib\Tyuiu.ZelenovaIV.Sprint2.Task1.V19.Lib.csproj", "{D90D4724-561D-401E-AFE3-0BCB5C125C54}"
EndProject
Project("{FAE04EC0-301F-11D3-BF4B-00C04F79EFBC}") = "Tyuiu.ZelenovaIV.Sprint2.Task1.V19.Test", "Tyuiu.ZelenovaIV.Sprint2.Task1.V19.Test\Tyuiu.ZelenovaIV.Sprint2.Task1.V19.Test.csproj", "{8BF7530E-F222-432C-BA8F-6512B4EE90CA}"
EndProject
Project("{FAE04EC0-301F-11D3-BF4B-00C04F79EFBC}") = "Tyuiu.ZelenovaIV.Sprint2.Task1.V19", "Tyuiu.ZelenovaIV.Sprint2.Task1.V19\Tyuiu.ZelenovaIV.Sprint2.Task1.V19.csproj", "{06E8E987-4CA6-4478-B26C-D9BDA9FECD19}"
EndProject
Project("{2150E333-8FDC-42A3-9474-1A3956D46DE8}") = "Task2", "Task2", "{AFB143EF-06B0-4A32-BE7F-B70E740FE3B9}"
EndProject
Project("{FAE04EC0-301F-11D3-BF4B-00C04F79EFBC}") = "Tyuiu.ZelenovaIV.Sprint2.Task2.V9.Lib", "Tyuiu.ZelenovaIV.Sprint2.Task2.V9.Lib\Tyuiu.ZelenovaIV.Sprint2.Task2.V9.Lib.csproj", "{757B5544-EE85-4E40-9E85-39EEAC902A42}"
EndProject
Project("{FAE04EC0-301F-11D3-BF4B-00C04F79EFBC}") = "Tyuiu.ZelenovaIV.Sprint2.Task2.V9.Test", "Tyuiu.ZelenovaIV.Sprint2.Task2.V9.Test\Tyuiu.ZelenovaIV.Sprint2.Task2.V9.Test.csproj", "{F2DD2113-1ADC-4CFF-B0F8-BECC28546233}"
EndProject
Project("{FAE04EC0-301F-11D3-BF4B-00C04F79EFBC}") = "Tyuiu.ZelenovaIV.Sprint2.Task2.V9", "Tyuiu.ZelenovaIV.Sprint2.Task2.V9\Tyuiu.ZelenovaIV.Sprint2.Task2.V9.csproj", "{4DB96710-D506-472B-9C2A-3752909A4295}"
EndProject
Project("{2150E333-8FDC-42A3-9474-1A3956D46DE8}") = "Task3", "Task3", "{D59D3098-D122-4D92-B1F5-2CDA5E635473}"
EndProject
Project("{FAE04EC0-301F-11D3-BF4B-00C04F79EFBC}") = "Tyuiu.ZelenovaIV.Sprint2.Task3.V10.Lib", "Tyuiu.ZelenovaIV.Sprint2.Task3.V10.Lib\Tyuiu.ZelenovaIV.Sprint2.Task3.V10.Lib.csproj", "{976E9ED8-FC08-4EA4-801E-E9B64C1CAFFB}"
EndProject
Project("{FAE04EC0-301F-11D3-BF4B-00C04F79EFBC}") = "Tyuiu.ZelenovaIV.Sprint2.Task3.V10.Test", "Tyuiu.ZelenovaIV.Sprint2.Task3.V10.Test\Tyuiu.ZelenovaIV.Sprint2.Task3.V10.Test.csproj", "{950D7B74-1B4D-4976-8412-E8CE59BBA5E2}"
EndProject
Project("{FAE04EC0-301F-11D3-BF4B-00C04F79EFBC}") = "Tyuiu.ZelenovaIV.Sprint2.Task3.V10", "Tyuiu.ZelenovaIV.Sprint2.Task3.V10\Tyuiu.ZelenovaIV.Sprint2.Task3.V10.csproj", "{22AF7FE0-C454-4D26-83AD-B75C93515D31}"
EndProject
Global
	GlobalSection(SolutionConfigurationPlatforms) = preSolution
		Debug|Any CPU = Debug|Any CPU
		Release|Any CPU = Release|Any CPU
	EndGlobalSection
	GlobalSection(ProjectConfigurationPlatforms) = postSolution
		{B2B5EC9E-1C61-4DE0-AB73-46DD25D22464}.Debug|Any CPU.ActiveCfg = Debug|Any CPU
		{B2B5EC9E-1C61-4DE0-AB73-46DD25D22464}.Debug|Any CPU.Build.0 = Debug|Any CPU
		{B2B5EC9E-1C61-4DE0-AB73-46DD25D22464}.Release|Any CPU.ActiveCfg = Release|Any CPU
		{B2B5EC9E-1C61-4DE0-AB73-46DD25D22464}.Release|Any CPU.Build.0 = Release|Any CPU
		{9CF66FB8-F921-45BA-87EA-4D9C11AE8AE0}.Debug|Any CPU.ActiveCfg = Debug|Any CPU
		{9CF66FB8-F921-45BA-87EA-4D9C11AE8AE0}.Debug|Any CPU.Build.0 = Debug|Any CPU
		{9CF66FB8-F921-45BA-87EA-4D9C11AE8AE0}.Release|Any CPU.ActiveCfg = Release|Any CPU
		{9CF66FB8-F921-45BA-87EA-4D9C11AE8AE0}.Release|Any CPU.Build.0 = Release|Any CPU
		{ED9A4F77-C262-427B-B300-65B3536F94EF}.Debug|Any CPU.ActiveCfg = Debug|Any CPU
		{ED9A4F77-C262-427B-B300-65B3536F94EF}.Debug|Any CPU.Build.0 = Debug|Any CPU
		{ED9A4F77-C262-427B-B300-65B3536F94EF}.Release|Any CPU.ActiveCfg = Release|Any CPU
		{ED9A4F77-C262-427B-B300-65B3536F94EF}.Release|Any CPU.Build.0 = Release|Any CPU
		{D90D4724-561D-401E-AFE3-0BCB5C125C54}.Debug|Any CPU.ActiveCfg = Debug|Any CPU
		{D90D4724-561D-401E-AFE3-0BCB5C125C54}.Debug|Any CPU.Build.0 = Debug|Any CPU
		{D90D4724-561D-401E-AFE3-0BCB5C125C54}.Release|Any CPU.ActiveCfg = Release|Any CPU
		{D90D4724-561D-401E-AFE3-0BCB5C125C54}.Release|Any CPU.Build.0 = Release|Any CPU
		{8BF7530E-F222-432C-BA8F-6512B4EE90CA}.Debug|Any CPU.ActiveCfg = Debug|Any CPU
		{8BF7530E-F222-432C-BA8F-6512B4EE90CA}.Debug|Any CPU.Build.0 = Debug|Any CPU
		{8BF7530E-F222-432C-BA8F-6512B4EE90CA}.Release|Any CPU.ActiveCfg = Release|Any CPU
		{8BF7530E-F222-432C-BA8F-6512B4EE90CA}.Release|Any CPU.Build.0 = Release|Any CPU
		{06E8E987-4CA6-4478-B26C-D9BDA9FECD19}.Debug|Any CPU.ActiveCfg = Debug|Any CPU
		{06E8E987-4CA6-4478-B26C-D9BDA9FECD19}.Debug|Any CPU.Build.0 = Debug|Any CPU
		{06E8E987-4CA6-4478-B26C-D9BDA9FECD19}.Release|Any CPU.ActiveCfg = Release|Any CPU
		{06E8E987-4CA6-4478-B26C-D9BDA9FECD19}.Release|Any CPU.Build.0 = Release|Any CPU
		{757B5544-EE85-4E40-9E85-39EEAC902A42}.Debug|Any CPU.ActiveCfg = Debug|Any CPU
		{757B5544-EE85-4E40-9E85-39EEAC902A42}.Debug|Any CPU.Build.0 = Debug|Any CPU
		{757B5544-EE85-4E40-9E85-39EEAC902A42}.Release|Any CPU.ActiveCfg = Release|Any CPU
		{757B5544-EE85-4E40-9E85-39EEAC902A42}.Release|Any CPU.Build.0 = Release|Any CPU
		{F2DD2113-1ADC-4CFF-B0F8-BECC28546233}.Debug|Any CPU.ActiveCfg = Debug|Any CPU
		{F2DD2113-1ADC-4CFF-B0F8-BECC28546233}.Debug|Any CPU.Build.0 = Debug|Any CPU
		{F2DD2113-1ADC-4CFF-B0F8-BECC28546233}.Release|Any CPU.ActiveCfg = Release|Any CPU
		{F2DD2113-1ADC-4CFF-B0F8-BECC28546233}.Release|Any CPU.Build.0 = Release|Any CPU
		{4DB96710-D506-472B-9C2A-3752909A4295}.Debug|Any CPU.ActiveCfg = Debug|Any CPU
		{4DB96710-D506-472B-9C2A-3752909A4295}.Debug|Any CPU.Build.0 = Debug|Any CPU
		{4DB96710-D506-472B-9C2A-3752909A4295}.Release|Any CPU.ActiveCfg = Release|Any CPU
		{4DB96710-D506-472B-9C2A-3752909A4295}.Release|Any CPU.Build.0 = Release|Any CPU
		{976E9ED8-FC08-4EA4-801E-E9B64C1CAFFB}.Debug|Any CPU.ActiveCfg = Debug|Any CPU
		{976E9ED8-FC08-4EA4-801E-E9B64C1CAFFB}.Debug|Any CPU.Build.0 = Debug|Any CPU
		{976E9ED8-FC08-4EA4-801E-E9B64C1CAFFB}.Release|Any CPU.ActiveCfg = Release|Any CPU
		{976E9ED8-FC08-4EA4-801E-E9B64C1CAFFB}.Release|Any CPU.Build.0 = Release|Any CPU
		{950D7B74-1B4D-4976-8412-E8CE59BBA5E2}.Debug|Any CPU.ActiveCfg = Debug|Any CPU
		{950D7B74-1B4D-4976-8412-E8CE59BBA5E2}.Debug|Any CPU.Build.0 = Debug|Any CPU
		{950D7B74-1B4D-4976-8412-E8CE59BBA5E2}.Release|Any CPU.ActiveCfg = Release|Any CPU
		{950D7B74-1B4D-4976-8412-E8CE59BBA5E2}.Release|Any CPU.Build.0 = Release|Any CPU
		{22AF7FE0-C454-4D26-83AD-B75C93515D31}.Debug|Any CPU.ActiveCfg = Debug|Any CPU
		{22AF7FE0-C454-4D26-83AD-B75C93515D31}.Debug|Any CPU.Build.0 = Debug|Any CPU
		{22AF7FE0-C454-4D26-83AD-B75C93515D31}.Release|Any CPU.ActiveCfg = Release|Any CPU
		{22AF7FE0-C454-4D26-83AD-B75C93515D31}.Release|Any CPU.Build.0 = Release|Any CPU
	EndGlobalSection
	GlobalSection(SolutionProperties) = preSolution
		HideSolutionNode = FALSE
	EndGlobalSection
	GlobalSection(NestedProjects) = preSolution
		{B2B5EC9E-1C61-4DE0-AB73-46DD25D22464} = {02EA681E-C7D8-13C7-8484-4AC65E1B71E8}
		{9CF66FB8-F921-45BA-87EA-4D9C11AE8AE0} = {02EA681E-C7D8-13C7-8484-4AC65E1B71E8}
		{ED9A4F77-C262-427B-B300-65B3536F94EF} = {02EA681E-C7D8-13C7-8484-4AC65E1B71E8}
		{D90D4724-561D-401E-AFE3-0BCB5C125C54} = {375AC16A-8C60-42D3-8EDB-B231AD74CE85}
		{8BF7530E-F222-432C-BA8F-6512B4EE90CA} = {375AC16A-8C60-42D3-8EDB-B231AD74CE85}
		{06E8E987-4CA6-4478-B26C-D9BDA9FECD19} = {375AC16A-8C60-42D3-8EDB-B231AD74CE85}
		{757B5544-EE85-4E40-9E85-39EEAC902A42} = {AFB143EF-06B0-4A32-BE7F-B70E740FE3B9}
		{F2DD2113-1ADC-4CFF-B0F8-BECC28546233} = {AFB143EF-06B0-4A32-BE7F-B70E740FE3B9}
		{4DB96710-D506-472B-9C2A-3752909A4295} = {AFB143EF-06B0-4A32-BE7F-B70E740FE3B9}
		{976E9ED8-FC08-4EA4-801E-E9B64C1CAFFB} = {D59D3098-D122-4D92-B1F5-2CDA5E635473}
		{950D7B74-1B4D-4976-8412-E8CE59BBA5E2} = {D59D3098-D122-4D92-B1F5-2CDA5E635473}
		{22AF7FE0-C454-4D26-83AD-B75C93515D31} = {D59D3098-D122-4D92-B1F5-2CDA5E635473}
	EndGlobalSection
	GlobalSection(ExtensibilityGlobals) = postSolution
		SolutionGuid = {3B901FD1-51AF-45E2-9FA6-E68323A23DEA}
	EndGlobalSection
EndGlobal
